
Microsoft Visual Studio Solution File, Format Version 12.00
# Visual Studio Version 16
VisualStudioVersion = 16.0.28729.10
MinimumVisualStudioVersion = 15.0.26124.0
Project("{9A19103F-16F7-4668-BE54-9A1E7A4F7556}") = "Corekit", "Corekit\Corekit.csproj", "{A9769AC2-F2CA-41CF-AF02-1FA1D4CE3462}"
EndProject
Project("{FAE04EC0-301F-11D3-BF4B-00C04F79EFBC}") = "Corekit.Sample", "Corekit.Sample\Corekit.Sample.csproj", "{E97A50C5-6924-4D5B-9156-F332067CB304}"
EndProject
Project("{FAE04EC0-301F-11D3-BF4B-00C04F79EFBC}") = "Corekit.Tests", "Corekit.Tests\Corekit.Tests.csproj", "{AC299ACF-90C1-4F6F-AC92-48C1D977E21E}"
EndProject
Project("{FAE04EC0-301F-11D3-BF4B-00C04F79EFBC}") = "Externalkit", "Externalkit\Externalkit.csproj", "{4999C4C6-01CF-480F-99CB-93CB5BAA9EE6}"
EndProject
Project("{FAE04EC0-301F-11D3-BF4B-00C04F79EFBC}") = "Externalkit.Tests", "Externalkit.Tests\Externalkit.Tests.csproj", "{87161B11-A440-4FC1-A37C-FE05FD4E5B54}"
EndProject
Global
	GlobalSection(SolutionConfigurationPlatforms) = preSolution
		Debug|Any CPU = Debug|Any CPU
		Debug|x64 = Debug|x64
		Debug|x86 = Debug|x86
		Release|Any CPU = Release|Any CPU
		Release|x64 = Release|x64
		Release|x86 = Release|x86
	EndGlobalSection
	GlobalSection(ProjectConfigurationPlatforms) = postSolution
		{A9769AC2-F2CA-41CF-AF02-1FA1D4CE3462}.Debug|Any CPU.ActiveCfg = Debug|Any CPU
		{A9769AC2-F2CA-41CF-AF02-1FA1D4CE3462}.Debug|Any CPU.Build.0 = Debug|Any CPU
		{A9769AC2-F2CA-41CF-AF02-1FA1D4CE3462}.Debug|x64.ActiveCfg = Debug|Any CPU
		{A9769AC2-F2CA-41CF-AF02-1FA1D4CE3462}.Debug|x64.Build.0 = Debug|Any CPU
		{A9769AC2-F2CA-41CF-AF02-1FA1D4CE3462}.Debug|x86.ActiveCfg = Debug|Any CPU
		{A9769AC2-F2CA-41CF-AF02-1FA1D4CE3462}.Debug|x86.Build.0 = Debug|Any CPU
		{A9769AC2-F2CA-41CF-AF02-1FA1D4CE3462}.Release|Any CPU.ActiveCfg = Release|Any CPU
		{A9769AC2-F2CA-41CF-AF02-1FA1D4CE3462}.Release|Any CPU.Build.0 = Release|Any CPU
		{A9769AC2-F2CA-41CF-AF02-1FA1D4CE3462}.Release|x64.ActiveCfg = Release|Any CPU
		{A9769AC2-F2CA-41CF-AF02-1FA1D4CE3462}.Release|x64.Build.0 = Release|Any CPU
		{A9769AC2-F2CA-41CF-AF02-1FA1D4CE3462}.Release|x86.ActiveCfg = Release|Any CPU
		{A9769AC2-F2CA-41CF-AF02-1FA1D4CE3462}.Release|x86.Build.0 = Release|Any CPU
		{1C3076E3-CB94-4018-87D5-D3F504780284}.Debug|Any CPU.ActiveCfg = Debug|Any CPU
		{1C3076E3-CB94-4018-87D5-D3F504780284}.Debug|Any CPU.Build.0 = Debug|Any CPU
		{1C3076E3-CB94-4018-87D5-D3F504780284}.Debug|x64.ActiveCfg = Debug|Any CPU
		{1C3076E3-CB94-4018-87D5-D3F504780284}.Debug|x64.Build.0 = Debug|Any CPU
		{1C3076E3-CB94-4018-87D5-D3F504780284}.Debug|x86.ActiveCfg = Debug|Any CPU
		{1C3076E3-CB94-4018-87D5-D3F504780284}.Debug|x86.Build.0 = Debug|Any CPU
		{1C3076E3-CB94-4018-87D5-D3F504780284}.Release|Any CPU.ActiveCfg = Release|Any CPU
		{1C3076E3-CB94-4018-87D5-D3F504780284}.Release|Any CPU.Build.0 = Release|Any CPU
		{1C3076E3-CB94-4018-87D5-D3F504780284}.Release|x64.ActiveCfg = Release|Any CPU
		{1C3076E3-CB94-4018-87D5-D3F504780284}.Release|x64.Build.0 = Release|Any CPU
		{1C3076E3-CB94-4018-87D5-D3F504780284}.Release|x86.ActiveCfg = Release|Any CPU
		{1C3076E3-CB94-4018-87D5-D3F504780284}.Release|x86.Build.0 = Release|Any CPU
		{E97A50C5-6924-4D5B-9156-F332067CB304}.Debug|Any CPU.ActiveCfg = Debug|Any CPU
		{E97A50C5-6924-4D5B-9156-F332067CB304}.Debug|Any CPU.Build.0 = Debug|Any CPU
		{E97A50C5-6924-4D5B-9156-F332067CB304}.Debug|x64.ActiveCfg = Debug|Any CPU
		{E97A50C5-6924-4D5B-9156-F332067CB304}.Debug|x64.Build.0 = Debug|Any CPU
		{E97A50C5-6924-4D5B-9156-F332067CB304}.Debug|x86.ActiveCfg = Debug|Any CPU
		{E97A50C5-6924-4D5B-9156-F332067CB304}.Debug|x86.Build.0 = Debug|Any CPU
		{E97A50C5-6924-4D5B-9156-F332067CB304}.Release|Any CPU.ActiveCfg = Release|Any CPU
		{E97A50C5-6924-4D5B-9156-F332067CB304}.Release|Any CPU.Build.0 = Release|Any CPU
		{E97A50C5-6924-4D5B-9156-F332067CB304}.Release|x64.ActiveCfg = Release|Any CPU
		{E97A50C5-6924-4D5B-9156-F332067CB304}.Release|x64.Build.0 = Release|Any CPU
		{E97A50C5-6924-4D5B-9156-F332067CB304}.Release|x86.ActiveCfg = Release|Any CPU
		{E97A50C5-6924-4D5B-9156-F332067CB304}.Release|x86.Build.0 = Release|Any CPU
		{AC299ACF-90C1-4F6F-AC92-48C1D977E21E}.Debug|Any CPU.ActiveCfg = Debug|Any CPU
		{AC299ACF-90C1-4F6F-AC92-48C1D977E21E}.Debug|Any CPU.Build.0 = Debug|Any CPU
		{AC299ACF-90C1-4F6F-AC92-48C1D977E21E}.Debug|x64.ActiveCfg = Debug|Any CPU
		{AC299ACF-90C1-4F6F-AC92-48C1D977E21E}.Debug|x64.Build.0 = Debug|Any CPU
		{AC299ACF-90C1-4F6F-AC92-48C1D977E21E}.Debug|x86.ActiveCfg = Debug|Any CPU
		{AC299ACF-90C1-4F6F-AC92-48C1D977E21E}.Debug|x86.Build.0 = Debug|Any CPU
		{AC299ACF-90C1-4F6F-AC92-48C1D977E21E}.Release|Any CPU.ActiveCfg = Release|Any CPU
		{AC299ACF-90C1-4F6F-AC92-48C1D977E21E}.Release|Any CPU.Build.0 = Release|Any CPU
		{AC299ACF-90C1-4F6F-AC92-48C1D977E21E}.Release|x64.ActiveCfg = Release|Any CPU
		{AC299ACF-90C1-4F6F-AC92-48C1D977E21E}.Release|x64.Build.0 = Release|Any CPU
		{AC299ACF-90C1-4F6F-AC92-48C1D977E21E}.Release|x86.ActiveCfg = Release|Any CPU
		{AC299ACF-90C1-4F6F-AC92-48C1D977E21E}.Release|x86.Build.0 = Release|Any CPU
		{4999C4C6-01CF-480F-99CB-93CB5BAA9EE6}.Debug|Any CPU.ActiveCfg = Debug|Any CPU
		{4999C4C6-01CF-480F-99CB-93CB5BAA9EE6}.Debug|Any CPU.Build.0 = Debug|Any CPU
		{4999C4C6-01CF-480F-99CB-93CB5BAA9EE6}.Debug|x64.ActiveCfg = Debug|Any CPU
		{4999C4C6-01CF-480F-99CB-93CB5BAA9EE6}.Debug|x64.Build.0 = Debug|Any CPU
		{4999C4C6-01CF-480F-99CB-93CB5BAA9EE6}.Debug|x86.ActiveCfg = Debug|Any CPU
		{4999C4C6-01CF-480F-99CB-93CB5BAA9EE6}.Debug|x86.Build.0 = Debug|Any CPU
		{4999C4C6-01CF-480F-99CB-93CB5BAA9EE6}.Release|Any CPU.ActiveCfg = Release|Any CPU
		{4999C4C6-01CF-480F-99CB-93CB5BAA9EE6}.Release|Any CPU.Build.0 = Release|Any CPU
		{4999C4C6-01CF-480F-99CB-93CB5BAA9EE6}.Release|x64.ActiveCfg = Release|Any CPU
		{4999C4C6-01CF-480F-99CB-93CB5BAA9EE6}.Release|x64.Build.0 = Release|Any CPU
		{4999C4C6-01CF-480F-99CB-93CB5BAA9EE6}.Release|x86.ActiveCfg = Release|Any CPU
		{4999C4C6-01CF-480F-99CB-93CB5BAA9EE6}.Release|x86.Build.0 = Release|Any CPU
		{87161B11-A440-4FC1-A37C-FE05FD4E5B54}.Debug|Any CPU.ActiveCfg = Debug|Any CPU
		{87161B11-A440-4FC1-A37C-FE05FD4E5B54}.Debug|Any CPU.Build.0 = Debug|Any CPU
		{87161B11-A440-4FC1-A37C-FE05FD4E5B54}.Debug|x64.ActiveCfg = Debug|Any CPU
		{87161B11-A440-4FC1-A37C-FE05FD4E5B54}.Debug|x64.Build.0 = Debug|Any CPU
		{87161B11-A440-4FC1-A37C-FE05FD4E5B54}.Debug|x86.ActiveCfg = Debug|Any CPU
		{87161B11-A440-4FC1-A37C-FE05FD4E5B54}.Debug|x86.Build.0 = Debug|Any CPU
		{87161B11-A440-4FC1-A37C-FE05FD4E5B54}.Release|Any CPU.ActiveCfg = Release|Any CPU
		{87161B11-A440-4FC1-A37C-FE05FD4E5B54}.Release|Any CPU.Build.0 = Release|Any CPU
		{87161B11-A440-4FC1-A37C-FE05FD4E5B54}.Release|x64.ActiveCfg = Release|Any CPU
		{87161B11-A440-4FC1-A37C-FE05FD4E5B54}.Release|x64.Build.0 = Release|Any CPU
		{87161B11-A440-4FC1-A37C-FE05FD4E5B54}.Release|x86.ActiveCfg = Release|Any CPU
		{87161B11-A440-4FC1-A37C-FE05FD4E5B54}.Release|x86.Build.0 = Release|Any CPU
	EndGlobalSection
	GlobalSection(SolutionProperties) = preSolution
		HideSolutionNode = FALSE
	EndGlobalSection
	GlobalSection(ExtensibilityGlobals) = postSolution
		SolutionGuid = {C74A71AC-B1A9-4853-8547-B6D01625090F}
	EndGlobalSection
EndGlobal
